{
  "name": "https---github.com-ilinskiy-ya-beats",
  "lockfileVersion": 2,
  "requires": true,
  "packages": {
    "": {
      "dependencies": {
        "bxslider": "^4.2.14",
        "jquery": "^3.6.1"
      }
    },
    "node_modules/bxslider": {
      "version": "4.2.14",
      "resolved": "https://registry.npmjs.org/bxslider/-/bxslider-4.2.14.tgz",
      "integrity": "sha512-7/OV7Jxe8yBS/7tOcxg2hYTPmACFMU1rRs3xqoljjFX/rSgMFVX0dzFqxZHWvUgl0+9TryNy5vhufB/499heFQ==",
      "engines": {
        "node": ">=0.10.28"
      }
    },
    "node_modules/jquery": {
      "version": "3.6.1",
      "resolved": "https://registry.npmjs.org/jquery/-/jquery-3.6.1.tgz",
      "integrity": "sha512-opJeO4nCucVnsjiXOE+/PcCgYw9Gwpvs/a6B1LL/lQhwWwpbVEVYDZ1FokFr8PRc7ghYlrFPuyHuiiDNTQxmcw=="
    }
  },
  "dependencies": {
    "bxslider": {
      "version": "4.2.14",
      "resolved": "https://registry.npmjs.org/bxslider/-/bxslider-4.2.14.tgz",
      "integrity": "sha512-7/OV7Jxe8yBS/7tOcxg2hYTPmACFMU1rRs3xqoljjFX/rSgMFVX0dzFqxZHWvUgl0+9TryNy5vhufB/499heFQ=="
    },
    "jquery": {
      "version": "3.6.1",
      "resolved": "https://registry.npmjs.org/jquery/-/jquery-3.6.1.tgz",
      "integrity": "sha512-opJeO4nCucVnsjiXOE+/PcCgYw9Gwpvs/a6B1LL/lQhwWwpbVEVYDZ1FokFr8PRc7ghYlrFPuyHuiiDNTQxmcw=="
    }
  }
}
